[[package]]
name = "aerich"
version = "0.7.1"
description = "A database migrations tool for Tortoise ORM."
category = "main"
optional = false
python-versions = ">=3.7,<4.0"

[package.dependencies]
click = "*"
dictdiffer = "*"
pydantic = "*"
tomlkit = "*"
tortoise-orm = "*"

[package.extras]
asyncmy = ["asyncmy"]
asyncpg = ["asyncpg"]

[[package]]
name = "aiosqlite"
version = "0.17.0"
description = "asyncio bridge to the standard sqlite3 module"
category = "main"
optional = false
python-versions = ">=3.6"

[package.dependencies]
typing_extensions = ">=3.7.2"

[[package]]
name = "anyio"
version = "3.6.2"
description = "High level compatibility layer for multiple asynchronous event loop implementations"
category = "main"
optional = false
python-versions = ">=3.6.2"

[package.dependencies]
idna = ">=2.8"
sniffio = ">=1.1"

[package.extras]
doc = ["packaging", "sphinx-autodoc-typehints (>=1.2.0)", "sphinx-rtd-theme"]
test = ["contextlib2", "coverage[toml] (>=4.5)", "hypothesis (>=4.0)", "mock (>=4)", "pytest (>=7.0)", "pytest-mock (>=3.6.1)", "trustme", "uvloop (<0.15)", "uvloop (>=0.15)"]
trio = ["trio (>=0.16,<0.22)"]

[[package]]
name = "asgi-lifespan"
version = "2.0.0"
description = "Programmatic startup/shutdown of ASGI apps."
category = "dev"
optional = false
python-versions = ">=3.7"

[package.dependencies]
sniffio = "*"

[[package]]
name = "asyncpg"
version = "0.27.0"
description = "An asyncio PostgreSQL driver"
category = "main"
optional = false
python-versions = ">=3.7.0"

[package.extras]
dev = ["Cython (>=0.29.24,<0.30.0)", "Sphinx (>=4.1.2,<4.2.0)", "flake8 (>=5.0.4,<5.1.0)", "pytest (>=6.0)", "sphinx-rtd-theme (>=0.5.2,<0.6.0)", "sphinxcontrib-asyncio (>=0.3.0,<0.4.0)", "uvloop (>=0.15.3)"]
docs = ["Sphinx (>=4.1.2,<4.2.0)", "sphinx-rtd-theme (>=0.5.2,<0.6.0)", "sphinxcontrib-asyncio (>=0.3.0,<0.4.0)"]
test = ["flake8 (>=5.0.4,<5.1.0)", "uvloop (>=0.15.3)"]

[[package]]
name = "attrs"
version = "22.1.0"
description = "Classes Without Boilerplate"
category = "dev"
optional = false
python-versions = ">=3.5"

[package.extras]
dev = ["cloudpickle", "coverage[toml] (>=5.0.2)", "furo", "hypothesis", "mypy (>=0.900,!=0.940)", "pre-commit", "pympler", "pytest (>=4.3.0)", "pytest-mypy-plugins", "sphinx", "sphinx-notfound-page", "zope.interface"]
docs = ["furo", "sphinx", "sphinx-notfound-page", "zope.interface"]
tests = ["cloudpickle", "coverage[toml] (>=5.0.2)", "hypothesis", "mypy (>=0.900,!=0.940)", "pympler", "pytest (>=4.3.0)", "pytest-mypy-plugins", "zope.interface"]
tests-no-zope = ["cloudpickle", "coverage[toml] (>=5.0.2)", "hypothesis", "mypy (>=0.900,!=0.940)", "pympler", "pytest (>=4.3.0)", "pytest-mypy-plugins"]

[[package]]
name = "certifi"
version = "2022.9.24"
description = "Python package for providing Mozilla's CA Bundle."
category = "dev"
optional = false
python-versions = ">=3.6"

[[package]]
name = "click"
version = "8.1.3"
description = "Composable command line interface toolkit"
category = "main"
optional = false
python-versions = ">=3.7"

[package.dependencies]
colorama = {version = "*", markers = "platform_system == \"Windows\""}

[[package]]
name = "colorama"
version = "0.4.6"
description = "Cross-platform colored terminal text."
category = "main"
optional = false
python-versions = "!=3.0.*,!=3.1.*,!=3.2.*,!=3.3.*,!=3.4.*,!=3.5.*,!=3.6.*,>=2.7"

[[package]]
name = "dictdiffer"
version = "0.9.0"
description = "Dictdiffer is a library that helps you to diff and patch dictionaries."
category = "main"
optional = false
python-versions = "*"

[package.extras]
all = ["Sphinx (>=3)", "check-manifest (>=0.42)", "mock (>=1.3.0)", "numpy (>=1.13.0)", "numpy (>=1.15.0)", "numpy (>=1.18.0)", "numpy (>=1.20.0)", "pytest (==5.4.3)", "pytest (>=6)", "pytest-cov (>=2.10.1)", "pytest-isort (>=1.2.0)", "pytest-pycodestyle (>=2)", "pytest-pycodestyle (>=2.2.0)", "pytest-pydocstyle (>=2)", "pytest-pydocstyle (>=2.2.0)", "sphinx (>=3)", "sphinx-rtd-theme (>=0.2)", "tox (>=3.7.0)"]
docs = ["Sphinx (>=3)", "sphinx-rtd-theme (>=0.2)"]
numpy = ["numpy (>=1.13.0)", "numpy (>=1.15.0)", "numpy (>=1.18.0)", "numpy (>=1.20.0)"]
tests = ["check-manifest (>=0.42)", "mock (>=1.3.0)", "pytest (==5.4.3)", "pytest (>=6)", "pytest-cov (>=2.10.1)", "pytest-isort (>=1.2.0)", "pytest-pycodestyle (>=2)", "pytest-pycodestyle (>=2.2.0)", "pytest-pydocstyle (>=2)", "pytest-pydocstyle (>=2.2.0)", "sphinx (>=3)", "tox (>=3.7.0)"]

[[package]]
name = "exceptiongroup"
version = "1.0.4"
description = "Backport of PEP 654 (exception groups)"
category = "dev"
optional = false
python-versions = ">=3.7"

[package.extras]
test = ["pytest (>=6)"]

[[package]]
name = "fastapi"
version = "0.88.0"
description = "FastAPI framework, high performance, easy to learn, fast to code, ready for production"
category = "main"
optional = false
python-versions = ">=3.7"

[package.dependencies]
pydantic = ">=1.6.2,<1.7 || >1.7,<1.7.1 || >1.7.1,<1.7.2 || >1.7.2,<1.7.3 || >1.7.3,<1.8 || >1.8,<1.8.1 || >1.8.1,<2.0.0"
starlette = "0.22.0"

[package.extras]
all = ["email-validator (>=1.1.1)", "httpx (>=0.23.0)", "itsdangerous (>=1.1.0)", "jinja2 (>=2.11.2)", "orjson (>=3.2.1)", "python-multipart (>=0.0.5)", "pyyaml (>=5.3.1)", "ujson (>=4.0.1,!=4.0.2,!=4.1.0,!=4.2.0,!=4.3.0,!=5.0.0,!=5.1.0)", "uvicorn[standard] (>=0.12.0)"]
dev = ["pre-commit (>=2.17.0,<3.0.0)", "ruff (==0.0.138)", "uvicorn[standard] (>=0.12.0,<0.19.0)"]
doc = ["mdx-include (>=1.4.1,<2.0.0)", "mkdocs (>=1.1.2,<2.0.0)", "mkdocs-markdownextradata-plugin (>=0.1.7,<0.3.0)", "mkdocs-material (>=8.1.4,<9.0.0)", "pyyaml (>=5.3.1,<7.0.0)", "typer[all] (>=0.6.1,<0.7.0)"]
test = ["anyio[trio] (>=3.2.1,<4.0.0)", "black (==22.10.0)", "coverage[toml] (>=6.5.0,<7.0)", "databases[sqlite] (>=0.3.2,<0.7.0)", "email-validator (>=1.1.1,<2.0.0)", "flask (>=1.1.2,<3.0.0)", "httpx (>=0.23.0,<0.24.0)", "isort (>=5.0.6,<6.0.0)", "mypy (==0.982)", "orjson (>=3.2.1,<4.0.0)", "passlib[bcrypt] (>=1.7.2,<2.0.0)", "peewee (>=3.13.3,<4.0.0)", "pytest (>=7.1.3,<8.0.0)", "python-jose[cryptography] (>=3.3.0,<4.0.0)", "python-multipart (>=0.0.5,<0.0.6)", "pyyaml (>=5.3.1,<7.0.0)", "ruff (==0.0.138)", "sqlalchemy (>=1.3.18,<=1.4.41)", "types-orjson (==3.6.2)", "types-ujson (==5.5.0)", "ujson (>=4.0.1,!=4.0.2,!=4.1.0,!=4.2.0,!=4.3.0,!=5.0.0,!=5.1.0,<6.0.0)"]

[[package]]
name = "h11"
version = "0.14.0"
description = "A pure-Python, bring-your-own-I/O implementation of HTTP/1.1"
category = "main"
optional = false
python-versions = ">=3.7"

[[package]]
name = "h2"
version = "4.1.0"
description = "HTTP/2 State-Machine based protocol implementation"
category = "main"
optional = false
python-versions = ">=3.6.1"

[package.dependencies]
hpack = ">=4.0,<5"
hyperframe = ">=6.0,<7"

[[package]]
name = "hpack"
version = "4.0.0"
description = "Pure-Python HPACK header compression"
category = "main"
optional = false
python-versions = ">=3.6.1"

[[package]]
name = "httpcore"
version = "0.16.2"
description = "A minimal low-level HTTP client."
category = "dev"
optional = false
python-versions = ">=3.7"

[package.dependencies]
anyio = ">=3.0,<5.0"
certifi = "*"
h11 = ">=0.13,<0.15"
sniffio = ">=1.0.0,<2.0.0"

[package.extras]
http2 = ["h2 (>=3,<5)"]
socks = ["socksio (>=1.0.0,<2.0.0)"]

[[package]]
name = "httpx"
version = "0.23.1"
description = "The next generation HTTP client."
category = "dev"
optional = false
python-versions = ">=3.7"

[package.dependencies]
certifi = "*"
httpcore = ">=0.15.0,<0.17.0"
rfc3986 = {version = ">=1.3,<2", extras = ["idna2008"]}
sniffio = "*"

[package.extras]
brotli = ["brotli", "brotlicffi"]
cli = ["click (>=8.0.0,<9.0.0)", "pygments (>=2.0.0,<3.0.0)", "rich (>=10,<13)"]
http2 = ["h2 (>=3,<5)"]
socks = ["socksio (>=1.0.0,<2.0.0)"]

[[package]]
name = "hypercorn"
version = "0.14.3"
description = "A ASGI Server based on Hyper libraries and inspired by Gunicorn"
category = "main"
optional = false
python-versions = ">=3.7"

[package.dependencies]
h11 = "*"
h2 = ">=3.1.0"
priority = "*"
toml = "*"
wsproto = ">=0.14.0"

[package.extras]
docs = ["pydata_sphinx_theme"]
h3 = ["aioquic (>=0.9.0,<1.0)"]
trio = ["trio (>=0.11.0)"]
uvloop = ["uvloop"]

[[package]]
name = "hyperframe"
version = "6.0.1"
description = "HTTP/2 framing layer for Python"
category = "main"
optional = false
python-versions = ">=3.6.1"

[[package]]
name = "idna"
version = "3.4"
description = "Internationalized Domain Names in Applications (IDNA)"
category = "main"
optional = false
python-versions = ">=3.5"

[[package]]
name = "iniconfig"
version = "1.1.1"
description = "iniconfig: brain-dead simple config-ini parsing"
category = "dev"
optional = false
python-versions = "*"

[[package]]
name = "iso8601"
version = "1.1.0"
description = "Simple module to parse ISO 8601 dates"
category = "main"
optional = false
python-versions = ">=3.6.2,<4.0"

[[package]]
name = "packaging"
version = "21.3"
description = "Core utilities for Python packages"
category = "dev"
optional = false
python-versions = ">=3.6"

[package.dependencies]
pyparsing = ">=2.0.2,<3.0.5 || >3.0.5"

[[package]]
name = "pluggy"
version = "1.0.0"
description = "plugin and hook calling mechanisms for python"
category = "dev"
optional = false
python-versions = ">=3.6"

[package.extras]
dev = ["pre-commit", "tox"]
testing = ["pytest", "pytest-benchmark"]

[[package]]
name = "priority"
version = "2.0.0"
description = "A pure-Python implementation of the HTTP/2 priority tree"
category = "main"
optional = false
python-versions = ">=3.6.1"

[[package]]
name = "pydantic"
version = "1.10.2"
description = "Data validation and settings management using python type hints"
category = "main"
optional = false
python-versions = ">=3.7"

[package.dependencies]
typing-extensions = ">=4.1.0"

[package.extras]
dotenv = ["python-dotenv (>=0.10.4)"]
email = ["email-validator (>=1.0.3)"]

[[package]]
name = "pyparsing"
version = "3.0.9"
description = "pyparsing module - Classes and methods to define and execute parsing grammars"
category = "dev"
optional = false
python-versions = ">=3.6.8"

[package.extras]
diagrams = ["jinja2", "railroad-diagrams"]

[[package]]
name = "pypika-tortoise"
version = "0.1.6"
description = "Forked from pypika and streamline just for tortoise-orm"
category = "main"
optional = false
python-versions = ">=3.7,<4.0"

[[package]]
name = "pytest"
version = "7.2.0"
description = "pytest: simple powerful testing with Python"
category = "dev"
optional = false
python-versions = ">=3.7"

[package.dependencies]
attrs = ">=19.2.0"
colorama = {version = "*", markers = "sys_platform == \"win32\""}
exceptiongroup = {version = ">=1.0.0rc8", markers = "python_version < \"3.11\""}
iniconfig = "*"
packaging = "*"
pluggy = ">=0.12,<2.0"
tomli = {version = ">=1.0.0", markers = "python_version < \"3.11\""}

[package.extras]
testing = ["argcomplete", "hypothesis (>=3.56)", "mock", "nose", "pygments (>=2.7.2)", "requests", "xmlschema"]

[[package]]
name = "pytz"
version = "2022.6"
description = "World timezone definitions, modern and historical"
category = "main"
optional = false
python-versions = "*"

[[package]]
name = "rfc3986"
version = "1.5.0"
description = "Validating URI References per RFC 3986"
category = "dev"
optional = false
python-versions = "*"

[package.dependencies]
idna = {version = "*", optional = true, markers = "extra == \"idna2008\""}

[package.extras]
idna2008 = ["idna"]

[[package]]
name = "shapely"
version = "1.8.5.post1"
description = "Geometric objects, predicates, and operations"
category = "main"
optional = false
python-versions = ">=3.6"

[package.extras]
all = ["numpy", "pytest", "pytest-cov"]
test = ["pytest", "pytest-cov"]
vectorized = ["numpy"]

[[package]]
name = "sniffio"
version = "1.3.0"
description = "Sniff out which async library your code is running under"
category = "main"
optional = false
python-versions = ">=3.7"

[[package]]
name = "starlette"
version = "0.22.0"
description = "The little ASGI library that shines."
category = "main"
optional = false
python-versions = ">=3.7"

[package.dependencies]
anyio = ">=3.4.0,<5"

[package.extras]
full = ["httpx (>=0.22.0)", "itsdangerous", "jinja2", "python-multipart", "pyyaml"]

[[package]]
name = "toml"
version = "0.10.2"
description = "Python Library for Tom's Obvious, Minimal Language"
category = "main"
optional = false
python-versions = ">=2.6, !=3.0.*, !=3.1.*, !=3.2.*"

[[package]]
name = "tomli"
version = "2.0.1"
description = "A lil' TOML parser"
category = "dev"
optional = false
python-versions = ">=3.7"

[[package]]
name = "tomlkit"
version = "0.11.6"
description = "Style preserving TOML library"
category = "main"
optional = false
python-versions = ">=3.6"

[[package]]
name = "tortoise-orm"
version = "0.19.2"
description = "Easy async ORM for python, built with relations in mind"
category = "main"
optional = false
python-versions = ">=3.7,<4.0"

[package.dependencies]
aiosqlite = ">=0.16.0,<0.18.0"
asyncpg = {version = "*", optional = true, markers = "extra == \"asyncpg\""}
iso8601 = ">=1.0.2,<2.0.0"
pypika-tortoise = ">=0.1.6,<0.2.0"
pytz = "*"

[package.extras]
accel = ["ciso8601", "orjson", "uvloop"]
aiomysql = ["aiomysql"]
asyncmy = ["asyncmy (>=0.2.5,<0.3.0)"]
asyncodbc = ["asyncodbc (>=0.1.1,<0.2.0)"]
asyncpg = ["asyncpg"]
psycopg = ["psycopg[binary,pool]"]

[[package]]
name = "typing-extensions"
version = "4.4.0"
description = "Backported and Experimental Type Hints for Python 3.7+"
category = "main"
optional = false
python-versions = ">=3.7"

[[package]]
name = "wsproto"
version = "1.2.0"
description = "WebSockets state-machine based protocol implementation"
category = "main"
optional = false
python-versions = ">=3.7.0"

[package.dependencies]
h11 = ">=0.9.0,<1"

[metadata]
lock-version = "1.1"
python-versions = ">=3.10,<3.12"
content-hash = "c88a2942cfcd2140a86970608566fe63686f897aa49c49da499307514bec0c5c"

[metadata.files]
aerich = [
    {file = "aerich-0.7.1-py3-none-any.whl", hash = "sha256:ca1c46e777c448c8344961bb591ee8cc7bfcb2fc7527bea4da43647b5fbf8fbe"},
    {file = "aerich-0.7.1.tar.gz", hash = "sha256:501f6598ae51e3ce19b1bfc21ff365f582e7447e6aa5215629451c40341d6eb8"},
]
aiosqlite = [
    {file = "aiosqlite-0.17.0-py3-none-any.whl", hash = "sha256:6c49dc6d3405929b1d08eeccc72306d3677503cc5e5e43771efc1e00232e8231"},
    {file = "aiosqlite-0.17.0.tar.gz", hash = "sha256:f0e6acc24bc4864149267ac82fb46dfb3be4455f99fe21df82609cc6e6baee51"},
]
anyio = [
    {file = "anyio-3.6.2-py3-none-any.whl", hash = "sha256:fbbe32bd270d2a2ef3ed1c5d45041250284e31fc0a4df4a5a6071842051a51e3"},
    {file = "anyio-3.6.2.tar.gz", hash = "sha256:25ea0d673ae30af41a0c442f81cf3b38c7e79fdc7b60335a4c14e05eb0947421"},
]
asgi-lifespan = [
    {file = "asgi-lifespan-2.0.0.tar.gz", hash = "sha256:d46a31ff681e9edf1f776c9f61cf8fa6274cc66fca8cb4f11e940b1183e18842"},
    {file = "asgi_lifespan-2.0.0-py3-none-any.whl", hash = "sha256:420582b1786b238d035244415dc11536acdbcb24762cba1c5e9bddc565960277"},
]
asyncpg = [
    {file = "asyncpg-0.27.0-cp310-cp310-macosx_10_9_x86_64.whl", hash = "sha256:fca608d199ffed4903dce1bcd97ad0fe8260f405c1c225bdf0002709132171c2"},
    {file = "asyncpg-0.27.0-cp310-cp310-macosx_11_0_arm64.whl", hash = "sha256:20b596d8d074f6f695c13ffb8646d0b6bb1ab570ba7b0cfd349b921ff03cfc1e"},
    {file = "asyncpg-0.27.0-cp310-cp310-manylinux_2_17_aarch64.manylinux2014_aarch64.manylinux_2_28_aarch64.whl", hash = "sha256:7a6206210c869ebd3f4eb9e89bea132aefb56ff3d1b7dd7e26b102b17e27bbb1"},
    {file = "asyncpg-0.27.0-cp310-cp310-manylinux_2_17_x86_64.manylinux2014_x86_64.manylinux_2_28_x86_64.whl", hash = "sha256:a7a94c03386bb95456b12c66026b3a87d1b965f0f1e5733c36e7229f8f137747"},
    {file = "asyncpg-0.27.0-cp310-cp310-musllinux_1_1_aarch64.whl", hash = "sha256:bfc3980b4ba6f97138b04f0d32e8af21d6c9fa1f8e6e140c07d15690a0a99279"},
    {file = "asyncpg-0.27.0-cp310-cp310-musllinux_1_1_x86_64.whl", hash = "sha256:9654085f2b22f66952124de13a8071b54453ff972c25c59b5ce1173a4283ffd9"},
    {file = "asyncpg-0.27.0-cp310-cp310-win32.whl", hash = "sha256:879c29a75969eb2722f94443752f4720d560d1e748474de54ae8dd230bc4956b"},
    {file = "asyncpg-0.27.0-cp310-cp310-win_amd64.whl", hash = "sha256:ab0f21c4818d46a60ca789ebc92327d6d874d3b7ccff3963f7af0a21dc6cff52"},
    {file = "asyncpg-0.27.0-cp311-cp311-macosx_10_9_x86_64.whl", hash = "sha256:18f77e8e71e826ba2d0c3ba6764930776719ae2b225ca07e014590545928b576"},
    {file = "asyncpg-0.27.0-cp311-cp311-macosx_11_0_arm64.whl", hash = "sha256:c2232d4625c558f2aa001942cac1d7952aa9f0dbfc212f63bc754277769e1ef2"},
    {file = "asyncpg-0.27.0-cp311-cp311-manylinux_2_17_aarch64.manylinux2014_aarch64.manylinux_2_28_aarch64.whl", hash = "sha256:9a3a4ff43702d39e3c97a8786314123d314e0f0e4dabc8367db5b665c93914de"},
    {file = "asyncpg-0.27.0-cp311-cp311-manylinux_2_17_x86_64.manylinux2014_x86_64.manylinux_2_28_x86_64.whl", hash = "sha256:ccddb9419ab4e1c48742457d0c0362dbdaeb9b28e6875115abfe319b29ee225d"},
    {file = "asyncpg-0.27.0-cp311-cp311-musllinux_1_1_aarch64.whl", hash = "sha256:768e0e7c2898d40b16d4ef7a0b44e8150db3dd8995b4652aa1fe2902e92c7df8"},
    {file = "asyncpg-0.27.0-cp311-cp311-musllinux_1_1_x86_64.whl", hash = "sha256:609054a1f47292a905582a1cfcca51a6f3f30ab9d822448693e66fdddde27920"},
    {file = "asyncpg-0.27.0-cp311-cp311-win32.whl", hash = "sha256:8113e17cfe236dc2277ec844ba9b3d5312f61bd2fdae6d3ed1c1cdd75f6cf2d8"},
    {file = "asyncpg-0.27.0-cp311-cp311-win_amd64.whl", hash = "sha256:bb71211414dd1eeb8d31ec529fe77cff04bf53efc783a5f6f0a32d84923f45cf"},
    {file = "asyncpg-0.27.0-cp37-cp37m-manylinux_2_17_aarch64.manylinux2014_aarch64.manylinux_2_28_aarch64.whl", hash = "sha256:4750f5cf49ed48a6e49c6e5aed390eee367694636c2dcfaf4a273ca832c5c43c"},
    {file = "asyncpg-0.27.0-cp37-cp37m-musllinux_1_1_aarch64.whl", hash = "sha256:eca01eb112a39d31cc4abb93a5aef2a81514c23f70956729f42fb83b11b3483f"},
    {file = "asyncpg-0.27.0-cp37-cp37m-musllinux_1_1_x86_64.whl", hash = "sha256:5710cb0937f696ce303f5eed6d272e3f057339bb4139378ccecafa9ee923a71c"},
    {file = "asyncpg-0.27.0-cp37-cp37m-win_amd64.whl", hash = "sha256:71cca80a056ebe19ec74b7117b09e650990c3ca535ac1c35234a96f65604192f"},
    {file = "asyncpg-0.27.0-cp38-cp38-macosx_11_0_arm64.whl", hash = "sha256:4bb366ae34af5b5cabc3ac6a5347dfb6013af38c68af8452f27968d49085ecc0"},
    {file = "asyncpg-0.27.0-cp38-cp38-manylinux_2_17_aarch64.manylinux2014_aarch64.manylinux_2_28_aarch64.whl", hash = "sha256:16ba8ec2e85d586b4a12bcd03e8d29e3d99e832764d6a1d0b8c27dbbe4a2569d"},
    {file = "asyncpg-0.27.0-cp38-cp38-manylinux_2_17_x86_64.manylinux2014_x86_64.manylinux_2_28_x86_64.whl", hash = "sha256:d20dea7b83651d93b1eb2f353511fe7fd554752844523f17ad30115d8b9c8cd6"},
    {file = "asyncpg-0.27.0-cp38-cp38-musllinux_1_1_aarch64.whl", hash = "sha256:e56ac8a8237ad4adec97c0cd4728596885f908053ab725e22900b5902e7f8e69"},
    {file = "asyncpg-0.27.0-cp38-cp38-musllinux_1_1_x86_64.whl", hash = "sha256:bf21ebf023ec67335258e0f3d3ad7b91bb9507985ba2b2206346de488267cad0"},
    {file = "asyncpg-0.27.0-cp38-cp38-win32.whl", hash = "sha256:69aa1b443a182b13a17ff926ed6627af2d98f62f2fe5890583270cc4073f63bf"},
    {file = "asyncpg-0.27.0-cp38-cp38-win_amd64.whl", hash = "sha256:62932f29cf2433988fcd799770ec64b374a3691e7902ecf85da14d5e0854d1ea"},
    {file = "asyncpg-0.27.0-cp39-cp39-macosx_10_9_x86_64.whl", hash = "sha256:fddcacf695581a8d856654bc4c8cfb73d5c9df26d5f55201722d3e6a699e9629"},
    {file = "asyncpg-0.27.0-cp39-cp39-macosx_11_0_arm64.whl", hash = "sha256:7d8585707ecc6661d07367d444bbaa846b4e095d84451340da8df55a3757e152"},
    {file = "asyncpg-0.27.0-cp39-cp39-manylinux_2_17_aarch64.manylinux2014_aarch64.manylinux_2_28_aarch64.whl", hash = "sha256:975a320baf7020339a67315284a4d3bf7460e664e484672bd3e71dbd881bc692"},
    {file = "asyncpg-0.27.0-cp39-cp39-manylinux_2_17_x86_64.manylinux2014_x86_64.manylinux_2_28_x86_64.whl", hash = "sha256:2232ebae9796d4600a7819fc383da78ab51b32a092795f4555575fc934c1c89d"},
    {file = "asyncpg-0.27.0-cp39-cp39-musllinux_1_1_aarch64.whl", hash = "sha256:88b62164738239f62f4af92567b846a8ef7cf8abf53eddd83650603de4d52163"},
    {file = "asyncpg-0.27.0-cp39-cp39-musllinux_1_1_x86_64.whl", hash = "sha256:eb4b2fdf88af4fb1cc569781a8f933d2a73ee82cd720e0cb4edabbaecf2a905b"},
    {file = "asyncpg-0.27.0-cp39-cp39-win32.whl", hash = "sha256:8934577e1ed13f7d2d9cea3cc016cc6f95c19faedea2c2b56a6f94f257cea672"},
    {file = "asyncpg-0.27.0-cp39-cp39-win_amd64.whl", hash = "sha256:1b6499de06fe035cf2fa932ec5617ed3f37d4ebbf663b655922e105a484a6af9"},
    {file = "asyncpg-0.27.0.tar.gz", hash = "sha256:720986d9a4705dd8a40fdf172036f5ae787225036a7eb46e704c45aa8f62c054"},
]
attrs = [
    {file = "attrs-22.1.0-py2.py3-none-any.whl", hash = "sha256:86efa402f67bf2df34f51a335487cf46b1ec130d02b8d39fd248abfd30da551c"},
    {file = "attrs-22.1.0.tar.gz", hash = "sha256:29adc2665447e5191d0e7c568fde78b21f9672d344281d0c6e1ab085429b22b6"},
]
certifi = [
    {file = "certifi-2022.9.24-py3-none-any.whl", hash = "sha256:90c1a32f1d68f940488354e36370f6cca89f0f106db09518524c88d6ed83f382"},
    {file = "certifi-2022.9.24.tar.gz", hash = "sha256:0d9c601124e5a6ba9712dbc60d9c53c21e34f5f641fe83002317394311bdce14"},
]
click = [
    {file = "click-8.1.3-py3-none-any.whl", hash = "sha256:bb4d8133cb15a609f44e8213d9b391b0809795062913b383c62be0ee95b1db48"},
    {file = "click-8.1.3.tar.gz", hash = "sha256:7682dc8afb30297001674575ea00d1814d808d6a36af415a82bd481d37ba7b8e"},
]
colorama = [
    {file = "colorama-0.4.6-py2.py3-none-any.whl", hash = "sha256:4f1d9991f5acc0ca119f9d443620b77f9d6b33703e51011c16baf57afb285fc6"},
    {file = "colorama-0.4.6.tar.gz", hash = "sha256:08695f5cb7ed6e0531a20572697297273c47b8cae5a63ffc6d6ed5c201be6e44"},
]
dictdiffer = [
    {file = "dictdiffer-0.9.0-py2.py3-none-any.whl", hash = "sha256:442bfc693cfcadaf46674575d2eba1c53b42f5e404218ca2c2ff549f2df56595"},
    {file = "dictdiffer-0.9.0.tar.gz", hash = "sha256:17bacf5fbfe613ccf1b6d512bd766e6b21fb798822a133aa86098b8ac9997578"},
]
exceptiongroup = [
    {file = "exceptiongroup-1.0.4-py3-none-any.whl", hash = "sha256:542adf9dea4055530d6e1279602fa5cb11dab2395fa650b8674eaec35fc4a828"},
    {file = "exceptiongroup-1.0.4.tar.gz", hash = "sha256:bd14967b79cd9bdb54d97323216f8fdf533e278df937aa2a90089e7d6e06e5ec"},
]
fastapi = [
    {file = "fastapi-0.88.0-py3-none-any.whl", hash = "sha256:263b718bb384422fe3d042ffc9a0c8dece5e034ab6586ff034f6b4b1667c3eee"},
    {file = "fastapi-0.88.0.tar.gz", hash = "sha256:915bf304180a0e7c5605ec81097b7d4cd8826ff87a02bb198e336fb9f3b5ff02"},
]
h11 = [
    {file = "h11-0.14.0-py3-none-any.whl", hash = "sha256:e3fe4ac4b851c468cc8363d500db52c2ead036020723024a109d37346efaa761"},
    {file = "h11-0.14.0.tar.gz", hash = "sha256:8f19fbbe99e72420ff35c00b27a34cb9937e902a8b810e2c88300c6f0a3b699d"},
]
h2 = [
    {file = "h2-4.1.0-py3-none-any.whl", hash = "sha256:03a46bcf682256c95b5fd9e9a99c1323584c3eec6440d379b9903d709476bc6d"},
    {file = "h2-4.1.0.tar.gz", hash = "sha256:a83aca08fbe7aacb79fec788c9c0bac936343560ed9ec18b82a13a12c28d2abb"},
]
hpack = [
    {file = "hpack-4.0.0-py3-none-any.whl", hash = "sha256:84a076fad3dc9a9f8063ccb8041ef100867b1878b25ef0ee63847a5d53818a6c"},
    {file = "hpack-4.0.0.tar.gz", hash = "sha256:fc41de0c63e687ebffde81187a948221294896f6bdc0ae2312708df339430095"},
]
httpcore = [
    {file = "httpcore-0.16.2-py3-none-any.whl", hash = "sha256:52c79095197178856724541e845f2db86d5f1527640d9254b5b8f6f6cebfdee6"},
    {file = "httpcore-0.16.2.tar.gz", hash = "sha256:c35c5176dc82db732acfd90b581a3062c999a72305df30c0fc8fafd8e4aca068"},
]
httpx = [
    {file = "httpx-0.23.1-py3-none-any.whl", hash = "sha256:0b9b1f0ee18b9978d637b0776bfd7f54e2ca278e063e3586d8f01cda89e042a8"},
    {file = "httpx-0.23.1.tar.gz", hash = "sha256:202ae15319be24efe9a8bd4ed4360e68fde7b38bcc2ce87088d416f026667d19"},
]
hypercorn = [
    {file = "Hypercorn-0.14.3-py3-none-any.whl", hash = "sha256:7c491d5184f28ee960dcdc14ab45d14633ca79d72ddd13cf4fcb4cb854d679ab"},
    {file = "Hypercorn-0.14.3.tar.gz", hash = "sha256:4a87a0b7bbe9dc75fab06dbe4b301b9b90416e9866c23a377df21a969d6ab8dd"},
]
hyperframe = [
    {file = "hyperframe-6.0.1-py3-none-any.whl", hash = "sha256:0ec6bafd80d8ad2195c4f03aacba3a8265e57bc4cff261e802bf39970ed02a15"},
    {file = "hyperframe-6.0.1.tar.gz", hash = "sha256:ae510046231dc8e9ecb1a6586f63d2347bf4c8905914aa84ba585ae85f28a914"},
]
idna = [
    {file = "idna-3.4-py3-none-any.whl", hash = "sha256:90b77e79eaa3eba6de819a0c442c0b4ceefc341a7a2ab77d7562bf49f425c5c2"},
    {file = "idna-3.4.tar.gz", hash = "sha256:814f528e8dead7d329833b91c5faa87d60bf71824cd12a7530b5526063d02cb4"},
]
iniconfig = [
    {file = "iniconfig-1.1.1-py2.py3-none-any.whl", hash = "sha256:011e24c64b7f47f6ebd835bb12a743f2fbe9a26d4cecaa7f53bc4f35ee9da8b3"},
    {file = "iniconfig-1.1.1.tar.gz", hash = "sha256:bc3af051d7d14b2ee5ef9969666def0cd1a000e121eaea580d4a313df4b37f32"},
]
iso8601 = [
    {file = "iso8601-1.1.0-py3-none-any.whl", hash = "sha256:8400e90141bf792bce2634df533dc57e3bee19ea120a87bebcd3da89a58ad73f"},
    {file = "iso8601-1.1.0.tar.gz", hash = "sha256:32811e7b81deee2063ea6d2e94f8819a86d1f3811e49d23623a41fa832bef03f"},
]
packaging = [
    {file = "packaging-21.3-py3-none-any.whl", hash = "sha256:ef103e05f519cdc783ae24ea4e2e0f508a9c99b2d4969652eed6a2e1ea5bd522"},
    {file = "packaging-21.3.tar.gz", hash = "sha256:dd47c42927d89ab911e606518907cc2d3a1f38bbd026385970643f9c5b8ecfeb"},
]
pluggy = [
    {file = "pluggy-1.0.0-py2.py3-none-any.whl", hash = "sha256:74134bbf457f031a36d68416e1509f34bd5ccc019f0bcc952c7b909d06b37bd3"},
    {file = "pluggy-1.0.0.tar.gz", hash = "sha256:4224373bacce55f955a878bf9cfa763c1e360858e330072059e10bad68531159"},
]
priority = [
    {file = "priority-2.0.0-py3-none-any.whl", hash = "sha256:6f8eefce5f3ad59baf2c080a664037bb4725cd0a790d53d59ab4059288faf6aa"},
    {file = "priority-2.0.0.tar.gz", hash = "sha256:c965d54f1b8d0d0b19479db3924c7c36cf672dbf2aec92d43fbdaf4492ba18c0"},
]
pydantic = [
    {file = "pydantic-1.10.2-cp310-cp310-macosx_10_9_x86_64.whl", hash = "sha256:bb6ad4489af1bac6955d38ebcb95079a836af31e4c4f74aba1ca05bb9f6027bd"},
    {file = "pydantic-1.10.2-cp310-cp310-macosx_11_0_arm64.whl", hash = "sha256:a1f5a63a6dfe19d719b1b6e6106561869d2efaca6167f84f5ab9347887d78b98"},
    {file = "pydantic-1.10.2-cp310-cp310-manylinux_2_17_x86_64.manylinux2014_x86_64.whl", hash = "sha256:352aedb1d71b8b0736c6d56ad2bd34c6982720644b0624462059ab29bd6e5912"},
    {file = "pydantic-1.10.2-cp310-cp310-manylinux_2_5_i686.manylinux1_i686.manylinux_2_17_i686.manylinux2014_i686.whl", hash = "sha256:19b3b9ccf97af2b7519c42032441a891a5e05c68368f40865a90eb88833c2559"},
    {file = "pydantic-1.10.2-cp310-cp310-musllinux_1_1_i686.whl", hash = "sha256:e9069e1b01525a96e6ff49e25876d90d5a563bc31c658289a8772ae186552236"},
    {file = "pydantic-1.10.2-cp310-cp310-musllinux_1_1_x86_64.whl", hash = "sha256:355639d9afc76bcb9b0c3000ddcd08472ae75318a6eb67a15866b87e2efa168c"},
    {file = "pydantic-1.10.2-cp310-cp310-win_amd64.whl", hash = "sha256:ae544c47bec47a86bc7d350f965d8b15540e27e5aa4f55170ac6a75e5f73b644"},
    {file = "pydantic-1.10.2-cp311-cp311-macosx_10_9_x86_64.whl", hash = "sha256:a4c805731c33a8db4b6ace45ce440c4ef5336e712508b4d9e1aafa617dc9907f"},
    {file = "pydantic-1.10.2-cp311-cp311-macosx_11_0_arm64.whl", hash = "sha256:d49f3db871575e0426b12e2f32fdb25e579dea16486a26e5a0474af87cb1ab0a"},
    {file = "pydantic-1.10.2-cp311-cp311-manylinux_2_17_x86_64.manylinux2014_x86_64.whl", hash = "sha256:37c90345ec7dd2f1bcef82ce49b6235b40f282b94d3eec47e801baf864d15525"},
    {file = "pydantic-1.10.2-cp311-cp311-manylinux_2_5_i686.manylinux1_i686.manylinux_2_17_i686.manylinux2014_i686.whl", hash = "sha256:7b5ba54d026c2bd2cb769d3468885f23f43710f651688e91f5fb1edcf0ee9283"},
    {file = "pydantic-1.10.2-cp311-cp311-musllinux_1_1_i686.whl", hash = "sha256:05e00dbebbe810b33c7a7362f231893183bcc4251f3f2ff991c31d5c08240c42"},
    {file = "pydantic-1.10.2-cp311-cp311-musllinux_1_1_x86_64.whl", hash = "sha256:2d0567e60eb01bccda3a4df01df677adf6b437958d35c12a3ac3e0f078b0ee52"},
    {file = "pydantic-1.10.2-cp311-cp311-win_amd64.whl", hash = "sha256:c6f981882aea41e021f72779ce2a4e87267458cc4d39ea990729e21ef18f0f8c"},
    {file = "pydantic-1.10.2-cp37-cp37m-macosx_10_9_x86_64.whl", hash = "sha256:c4aac8e7103bf598373208f6299fa9a5cfd1fc571f2d40bf1dd1955a63d6eeb5"},
    {file = "pydantic-1.10.2-cp37-cp37m-manylinux_2_17_x86_64.manylinux2014_x86_64.whl", hash = "sha256:81a7b66c3f499108b448f3f004801fcd7d7165fb4200acb03f1c2402da73ce4c"},
    {file = "pydantic-1.10.2-cp37-cp37m-manylinux_2_5_i686.manylinux1_i686.manylinux_2_17_i686.manylinux2014_i686.whl", hash = "sha256:bedf309630209e78582ffacda64a21f96f3ed2e51fbf3962d4d488e503420254"},
    {file = "pydantic-1.10.2-cp37-cp37m-musllinux_1_1_i686.whl", hash = "sha256:9300fcbebf85f6339a02c6994b2eb3ff1b9c8c14f502058b5bf349d42447dcf5"},
    {file = "pydantic-1.10.2-cp37-cp37m-musllinux_1_1_x86_64.whl", hash = "sha256:216f3bcbf19c726b1cc22b099dd409aa371f55c08800bcea4c44c8f74b73478d"},
    {file = "pydantic-1.10.2-cp37-cp37m-win_amd64.whl", hash = "sha256:dd3f9a40c16daf323cf913593083698caee97df2804aa36c4b3175d5ac1b92a2"},
    {file = "pydantic-1.10.2-cp38-cp38-macosx_10_9_x86_64.whl", hash = "sha256:b97890e56a694486f772d36efd2ba31612739bc6f3caeee50e9e7e3ebd2fdd13"},
    {file = "pydantic-1.10.2-cp38-cp38-macosx_11_0_arm64.whl", hash = "sha256:9cabf4a7f05a776e7793e72793cd92cc865ea0e83a819f9ae4ecccb1b8aa6116"},
    {file = "pydantic-1.10.2-cp38-cp38-manylinux_2_17_x86_64.manylinux2014_x86_64.whl", hash = "sha256:06094d18dd5e6f2bbf93efa54991c3240964bb663b87729ac340eb5014310624"},
    {file = "pydantic-1.10.2-cp38-cp38-manylinux_2_5_i686.manylinux1_i686.manylinux_2_17_i686.manylinux2014_i686.whl", hash = "sha256:cc78cc83110d2f275ec1970e7a831f4e371ee92405332ebfe9860a715f8336e1"},
    {file = "pydantic-1.10.2-cp38-cp38-musllinux_1_1_i686.whl", hash = "sha256:1ee433e274268a4b0c8fde7ad9d58ecba12b069a033ecc4645bb6303c062d2e9"},
    {file = "pydantic-1.10.2-cp38-cp38-musllinux_1_1_x86_64.whl", hash = "sha256:7c2abc4393dea97a4ccbb4ec7d8658d4e22c4765b7b9b9445588f16c71ad9965"},
    {file = "pydantic-1.10.2-cp38-cp38-win_amd64.whl", hash = "sha256:0b959f4d8211fc964772b595ebb25f7652da3f22322c007b6fed26846a40685e"},
    {file = "pydantic-1.10.2-cp39-cp39-macosx_10_9_x86_64.whl", hash = "sha256:c33602f93bfb67779f9c507e4d69451664524389546bacfe1bee13cae6dc7488"},
    {file = "pydantic-1.10.2-cp39-cp39-macosx_11_0_arm64.whl", hash = "sha256:5760e164b807a48a8f25f8aa1a6d857e6ce62e7ec83ea5d5c5a802eac81bad41"},
    {file = "pydantic-1.10.2-cp39-cp39-manylinux_2_17_x86_64.manylinux2014_x86_64.whl", hash = "sha256:6eb843dcc411b6a2237a694f5e1d649fc66c6064d02b204a7e9d194dff81eb4b"},
    {file = "pydantic-1.10.2-cp39-cp39-manylinux_2_5_i686.manylinux1_i686.manylinux_2_17_i686.manylinux2014_i686.whl", hash = "sha256:4b8795290deaae348c4eba0cebb196e1c6b98bdbe7f50b2d0d9a4a99716342fe"},
    {file = "pydantic-1.10.2-cp39-cp39-musllinux_1_1_i686.whl", hash = "sha256:e0bedafe4bc165ad0a56ac0bd7695df25c50f76961da29c050712596cf092d6d"},
    {file = "pydantic-1.10.2-cp39-cp39-musllinux_1_1_x86_64.whl", hash = "sha256:2e05aed07fa02231dbf03d0adb1be1d79cabb09025dd45aa094aa8b4e7b9dcda"},
    {file = "pydantic-1.10.2-cp39-cp39-win_amd64.whl", hash = "sha256:c1ba1afb396148bbc70e9eaa8c06c1716fdddabaf86e7027c5988bae2a829ab6"},
    {file = "pydantic-1.10.2-py3-none-any.whl", hash = "sha256:1b6ee725bd6e83ec78b1aa32c5b1fa67a3a65badddde3976bca5fe4568f27709"},
    {file = "pydantic-1.10.2.tar.gz", hash = "sha256:91b8e218852ef6007c2b98cd861601c6a09f1aa32bbbb74fab5b1c33d4a1e410"},
]
pyparsing = [
    {file = "pyparsing-3.0.9-py3-none-any.whl", hash = "sha256:5026bae9a10eeaefb61dab2f09052b9f4307d44aee4eda64b309723d8d206bbc"},
    {file = "pyparsing-3.0.9.tar.gz", hash = "sha256:2b020ecf7d21b687f219b71ecad3631f644a47f01403fa1d1036b0c6416d70fb"},
]
pypika-tortoise = [
    {file = "pypika-tortoise-0.1.6.tar.gz", hash = "sha256:d802868f479a708e3263724c7b5719a26ad79399b2a70cea065f4a4cadbebf36"},
    {file = "pypika_tortoise-0.1.6-py3-none-any.whl", hash = "sha256:2d68bbb7e377673743cff42aa1059f3a80228d411fbcae591e4465e173109fd8"},
]
pytest = [
    {file = "pytest-7.2.0-py3-none-any.whl", hash = "sha256:892f933d339f068883b6fd5a459f03d85bfcb355e4981e146d2c7616c21fef71"},
    {file = "pytest-7.2.0.tar.gz", hash = "sha256:c4014eb40e10f11f355ad4e3c2fb2c6c6d1919c73f3b5a433de4708202cade59"},
]
pytz = [
    {file = "pytz-2022.6-py2.py3-none-any.whl", hash = "sha256:222439474e9c98fced559f1709d89e6c9cbf8d79c794ff3eb9f8800064291427"},
    {file = "pytz-2022.6.tar.gz", hash = "sha256:e89512406b793ca39f5971bc999cc538ce125c0e51c27941bef4568b460095e2"},
]
rfc3986 = [
    {file = "rfc3986-1.5.0-py2.py3-none-any.whl", hash = "sha256:a86d6e1f5b1dc238b218b012df0aa79409667bb209e58da56d0b94704e712a97"},
    {file = "rfc3986-1.5.0.tar.gz", hash = "sha256:270aaf10d87d0d4e095063c65bf3ddbc6ee3d0b226328ce21e036f946e421835"},
]
shapely = [
    {file = "Shapely-1.8.5.post1-cp310-cp310-macosx_10_9_universal2.whl", hash = "sha256:d048f93e42ba578b82758c15d8ae037d08e69d91d9872bca5a1895b118f4e2b0"},
    {file = "Shapely-1.8.5.post1-cp310-cp310-macosx_10_9_x86_64.whl", hash = "sha256:99ab0ddc05e44acabdbe657c599fdb9b2d82e86c5493bdae216c0c4018a82dee"},
    {file = "Shapely-1.8.5.post1-cp310-cp310-macosx_11_0_arm64.whl", hash = "sha256:99a2f0da0109e81e0c101a2b4cd8412f73f5f299e7b5b2deaf64cd2a100ac118"},
    {file = "Shapely-1.8.5.post1-cp310-cp310-manylinux_2_12_i686.manylinux2010_i686.whl", hash = "sha256:6fe855e7d45685926b6ba00aaeb5eba5862611f7465775dacd527e081a8ced6d"},
    {file = "Shapely-1.8.5.post1-cp310-cp310-manylinux_2_12_x86_64.manylinux2010_x86_64.whl", hash = "sha256:ec14ceca36f67cb48b34d02d7f65a9acae15cd72b48e303531893ba4a960f3ea"},
    {file = "Shapely-1.8.5.post1-cp310-cp310-win32.whl", hash = "sha256:21776184516a16bf82a0c3d6d6a312b3cd15a4cabafc61ee01cf2714a82e8396"},
    {file = "Shapely-1.8.5.post1-cp310-cp310-win_amd64.whl", hash = "sha256:a354199219c8d836f280b88f2c5102c81bb044ccea45bd361dc38a79f3873714"},
    {file = "Shapely-1.8.5.post1-cp311-cp311-macosx_10_9_universal2.whl", hash = "sha256:783bad5f48e2708a0e2f695a34ed382e4162c795cb2f0368b39528ac1d6db7ed"},
    {file = "Shapely-1.8.5.post1-cp311-cp311-macosx_10_9_x86_64.whl", hash = "sha256:a23ef3882d6aa203dd3623a3d55d698f59bfbd9f8a3bfed52c2da05a7f0f8640"},
    {file = "Shapely-1.8.5.post1-cp311-cp311-macosx_11_0_arm64.whl", hash = "sha256:ab38f7b5196ace05725e407cb8cab9ff66edb8e6f7bb36a398e8f73f52a7aaa2"},
    {file = "Shapely-1.8.5.post1-cp311-cp311-manylinux_2_17_i686.manylinux2014_i686.whl", hash = "sha256:8d086591f744be483b34628b391d741e46f2645fe37594319e0a673cc2c26bcf"},
    {file = "Shapely-1.8.5.post1-cp311-cp311-manylinux_2_17_x86_64.manylinux2014_x86_64.whl", hash = "sha256:4728666fff8cccc65a07448cae72c75a8773fea061c3f4f139c44adc429b18c3"},
    {file = "Shapely-1.8.5.post1-cp311-cp311-win32.whl", hash = "sha256:84010db15eb364a52b74ea8804ef92a6a930dfc1981d17a369444b6ddec66efd"},
    {file = "Shapely-1.8.5.post1-cp311-cp311-win_amd64.whl", hash = "sha256:48dcfffb9e225c0481120f4bdf622131c8c95f342b00b158cdbe220edbbe20b6"},
    {file = "Shapely-1.8.5.post1-cp36-cp36m-macosx_10_9_x86_64.whl", hash = "sha256:2fd15397638df291c427a53d641d3e6fd60458128029c8c4f487190473a69a91"},
    {file = "Shapely-1.8.5.post1-cp36-cp36m-manylinux_2_12_i686.manylinux2010_i686.whl", hash = "sha256:a74631e511153366c6dbe3229fa93f877e3c87ea8369cd00f1d38c76b0ed9ace"},
    {file = "Shapely-1.8.5.post1-cp36-cp36m-manylinux_2_12_x86_64.manylinux2010_x86_64.whl", hash = "sha256:66bdac74fbd1d3458fa787191a90fa0ae610f09e2a5ec398c36f968cc0ed743f"},
    {file = "Shapely-1.8.5.post1-cp36-cp36m-win32.whl", hash = "sha256:6d388c0c1bd878ed1af4583695690aa52234b02ed35f93a1c8486ff52a555838"},
    {file = "Shapely-1.8.5.post1-cp36-cp36m-win_amd64.whl", hash = "sha256:be9423d5a3577ac2e92c7e758bd8a2b205f5e51a012177a590bc46fc51eb4834"},
    {file = "Shapely-1.8.5.post1-cp37-cp37m-macosx_10_9_x86_64.whl", hash = "sha256:5d7f85c2d35d39ff53c9216bc76b7641c52326f7e09aaad1789a3611a0f812f2"},
    {file = "Shapely-1.8.5.post1-cp37-cp37m-manylinux_2_12_i686.manylinux2010_i686.whl", hash = "sha256:adcf8a11b98af9375e32bff91de184f33a68dc48b9cb9becad4f132fa25cfa3c"},
    {file = "Shapely-1.8.5.post1-cp37-cp37m-manylinux_2_12_x86_64.manylinux2010_x86_64.whl", hash = "sha256:753ed0e21ab108bd4282405b9b659f2e985e8502b1a72b978eaa51d3496dee19"},
    {file = "Shapely-1.8.5.post1-cp37-cp37m-win32.whl", hash = "sha256:65b21243d8f6bcd421210daf1fabb9de84de2c04353c5b026173b88d17c1a581"},
    {file = "Shapely-1.8.5.post1-cp37-cp37m-win_amd64.whl", hash = "sha256:370b574c78dc5af3a198a6da5d9b3d7c04654bd2ef7e80e80a3a0992dfb2d9cd"},
    {file = "Shapely-1.8.5.post1-cp38-cp38-macosx_10_9_universal2.whl", hash = "sha256:532a55ee2a6c52d23d6f7d1567c8f0473635f3b270262c44e1b0c88096827e22"},
    {file = "Shapely-1.8.5.post1-cp38-cp38-macosx_10_9_x86_64.whl", hash = "sha256:3480657460e939f45a7d359ef0e172a081f249312557fe9aa78c4fd3a362d993"},
    {file = "Shapely-1.8.5.post1-cp38-cp38-macosx_11_0_arm64.whl", hash = "sha256:b65f5d530ba91e49ffc7c589255e878d2506a8b96ffce69d3b7c4500a9a9eaf8"},
    {file = "Shapely-1.8.5.post1-cp38-cp38-manylinux_2_12_i686.manylinux2010_i686.whl", hash = "sha256:147066da0be41b147a61f8eb805dea3b13709dbc873a431ccd7306e24d712bc0"},
    {file = "Shapely-1.8.5.post1-cp38-cp38-manylinux_2_12_x86_64.manylinux2010_x86_64.whl", hash = "sha256:c2822111ddc5bcfb116e6c663e403579d0fe3f147d2a97426011a191c43a7458"},
    {file = "Shapely-1.8.5.post1-cp38-cp38-win32.whl", hash = "sha256:2e0a8c2e55f1be1312b51c92b06462ea89e6bb703fab4b114e7a846d941cfc40"},
    {file = "Shapely-1.8.5.post1-cp38-cp38-win_amd64.whl", hash = "sha256:0d885cb0cf670c1c834df3f371de8726efdf711f18e2a75da5cfa82843a7ab65"},
    {file = "Shapely-1.8.5.post1-cp39-cp39-macosx_10_9_universal2.whl", hash = "sha256:0b4ee3132ee90f07d63db3aea316c4c065ed7a26231458dda0874414a09d6ba3"},
    {file = "Shapely-1.8.5.post1-cp39-cp39-macosx_10_9_x86_64.whl", hash = "sha256:02dd5d7dc6e46515d88874134dc8fcdc65826bca93c3eecee59d1910c42c1b17"},
    {file = "Shapely-1.8.5.post1-cp39-cp39-macosx_11_0_arm64.whl", hash = "sha256:c6a9a4a31cd6e86d0fbe8473ceed83d4fe760b19d949fb557ef668defafea0f6"},
    {file = "Shapely-1.8.5.post1-cp39-cp39-manylinux_2_12_i686.manylinux2010_i686.whl", hash = "sha256:38f0fbbcb8ca20c16451c966c1f527cc43968e121c8a048af19ed3e339a921cd"},
    {file = "Shapely-1.8.5.post1-cp39-cp39-manylinux_2_12_x86_64.manylinux2010_x86_64.whl", hash = "sha256:78fb9d929b8ee15cfd424b6c10879ce1907f24e05fb83310fc47d2cd27088e40"},
    {file = "Shapely-1.8.5.post1-cp39-cp39-win32.whl", hash = "sha256:8e59817b0fe63d34baedaabba8c393c0090f061917d18fc0bcc2f621937a8f73"},
    {file = "Shapely-1.8.5.post1-cp39-cp39-win_amd64.whl", hash = "sha256:e9c30b311de2513555ab02464ebb76115d242842b29c412f5a9aa0cac57be9f6"},
    {file = "Shapely-1.8.5.post1.tar.gz", hash = "sha256:ef3be705c3eac282a28058e6c6e5503419b250f482320df2172abcbea642c831"},
]
sniffio = [
    {file = "sniffio-1.3.0-py3-none-any.whl", hash = "sha256:eecefdce1e5bbfb7ad2eeaabf7c1eeb404d7757c379bd1f7e5cce9d8bf425384"},
    {file = "sniffio-1.3.0.tar.gz", hash = "sha256:e60305c5e5d314f5389259b7f22aaa33d8f7dee49763119234af3755c55b9101"},
]
starlette = [
    {file = "starlette-0.22.0-py3-none-any.whl", hash = "sha256:b5eda991ad5f0ee5d8ce4c4540202a573bb6691ecd0c712262d0bc85cf8f2c50"},
    {file = "starlette-0.22.0.tar.gz", hash = "sha256:b092cbc365bea34dd6840b42861bdabb2f507f8671e642e8272d2442e08ea4ff"},
]
toml = [
    {file = "toml-0.10.2-py2.py3-none-any.whl", hash = "sha256:806143ae5bfb6a3c6e736a764057db0e6a0e05e338b5630894a5f779cabb4f9b"},
    {file = "toml-0.10.2.tar.gz", hash = "sha256:b3bda1d108d5dd99f4a20d24d9c348e91c4db7ab1b749200bded2f839ccbe68f"},
]
tomli = [
    {file = "tomli-2.0.1-py3-none-any.whl", hash = "sha256:939de3e7a6161af0c887ef91b7d41a53e7c5a1ca976325f429cb46ea9bc30ecc"},
    {file = "tomli-2.0.1.tar.gz", hash = "sha256:de526c12914f0c550d15924c62d72abc48d6fe7364aa87328337a31007fe8a4f"},
]
tomlkit = [
    {file = "tomlkit-0.11.6-py3-none-any.whl", hash = "sha256:07de26b0d8cfc18f871aec595fda24d95b08fef89d147caa861939f37230bf4b"},
    {file = "tomlkit-0.11.6.tar.gz", hash = "sha256:71b952e5721688937fb02cf9d354dbcf0785066149d2855e44531ebdd2b65d73"},
]
tortoise-orm = [
    {file = "tortoise-orm-0.19.2.tar.gz", hash = "sha256:bff4d79abfca7fb805972bb2438e8e0cd2e6590bc2cfd7593a803518a027bbf0"},
    {file = "tortoise_orm-0.19.2-py3-none-any.whl", hash = "sha256:a99b8c9f42d5cd49493c70471b5c9a5df8ecf49cc624f2f41b9dc75bba993ac5"},
]
typing-extensions = [
    {file = "typing_extensions-4.4.0-py3-none-any.whl", hash = "sha256:16fa4864408f655d35ec496218b85f79b3437c829e93320c7c9215ccfd92489e"},
    {file = "typing_extensions-4.4.0.tar.gz", hash = "sha256:1511434bb92bf8dd198c12b1cc812e800d4181cfcb867674e0f8279cc93087aa"},
]
wsproto = [
    {file = "wsproto-1.2.0-py3-none-any.whl", hash = "sha256:b9acddd652b585d75b20477888c56642fdade28bdfd3579aa24a4d2c037dd736"},
    {file = "wsproto-1.2.0.tar.gz", hash = "sha256:ad565f26ecb92588a3e43bc3d96164de84cd9902482b130d0ddbaa9664a85065"},
]
